{
  "pins" : [
    {
      "identity" : "ios-snapshot-test-case",
      "kind" : "remoteSourceControl",
      "location" : "https://github.com/uber/ios-snapshot-test-case.git",
      "state" : {
        "branch" : "main",
        "revision" : "71f19547d9f9d0959a10881814de41b2114a8e1c"
      }
    },
    {
      "identity" : "lottie-ios",
      "kind" : "remoteSourceControl",
      "location" : "https://github.com/airbnb/lottie-ios.git",
      "state" : {
        "revision" : "4a6058cbbdfe4f74aeae92c8bd51ad3b0de2a1ee",
        "version" : "3.3.0"
      }
    },
    {
      "identity" : "lottie-swiftui",
      "kind" : "remoteSourceControl",
      "location" : "https://github.com/LukasHromadnik/Lottie-SwiftUI",
      "state" : {
        "revision" : "2e208ff5fb9ba38f374e488d1148c0a02dda0327",
        "version" : "1.1.1"
      }
    }
  ],
  "version" : 2
}
