// !$*UTF8*$!
{
	archiveVersion = 1;
	classes = {
	};
	objectVersion = 55;
	objects = {

/* Begin PBXBuildFile section */
		185BB81228351FA900BB689A /* BooleanButton.swift in Sources */ = {isa = PBXBuildFile; fileRef = 185BB81128351FA900BB689A /* BooleanButton.swift */; };
		185BB8152835202700BB689A /* wrong.json in Resources */ = {isa = PBXBuildFile; fileRef = 185BB8132835202700BB689A /* wrong.json */; };
		185BB8162835202700BB689A /* correct.json in Resources */ = {isa = PBXBuildFile; fileRef = 185BB8142835202700BB689A /* correct.json */; };
		18DF400E282A8402006B7254 /* MultipleChoiceButton.swift in Sources */ = {isa = PBXBuildFile; fileRef = 18DF400D282A8402006B7254 /* MultipleChoiceButton.swift */; };
		3DFD23EE28295C180074AB54 /* Manager.SaveSystem.swift in Sources */ = {isa = PBXBuildFile; fileRef = 3DFD23ED28295C180074AB54 /* Manager.SaveSystem.swift */; };
		5F3A266A282BDF2C00E857CC /* ProfileView.swift in Sources */ = {isa = PBXBuildFile; fileRef = 5F3A2669282BDF2C00E857CC /* ProfileView.swift */; };
		5F3AC735282408030041CBBC /* Manager.swift in Sources */ = {isa = PBXBuildFile; fileRef = 5F3AC734282408030041CBBC /* Manager.swift */; };
		5F3AC737282408250041CBBC /* Manager.API.swift in Sources */ = {isa = PBXBuildFile; fileRef = 5F3AC736282408250041CBBC /* Manager.API.swift */; };
		5F9C58ED2833D0B100070A37 /* ConclusionView.swift in Sources */ = {isa = PBXBuildFile; fileRef = 5F9C58EC2833D0B100070A37 /* ConclusionView.swift */; };
		5FDC436B282936FF00A4F011 /* LottieSwiftUI in Frameworks */ = {isa = PBXBuildFile; productRef = 5FDC436A282936FF00A4F011 /* LottieSwiftUI */; };
		5FDC436D2829371100A4F011 /* LaunchView.swift in Sources */ = {isa = PBXBuildFile; fileRef = 5FDC436C2829371100A4F011 /* LaunchView.swift */; };
		5FDC4370282937FD00A4F011 /* wave.json in Resources */ = {isa = PBXBuildFile; fileRef = 5FDC436F282937FD00A4F011 /* wave.json */; };
		5FDC437428294C6600A4F011 /* InitialView.swift in Sources */ = {isa = PBXBuildFile; fileRef = 5FDC437328294C6600A4F011 /* InitialView.swift */; };
		5FE913482822A76E00C0CDE0 /* SwiftUIQuizzApp.swift in Sources */ = {isa = PBXBuildFile; fileRef = 5FE913472822A76E00C0CDE0 /* SwiftUIQuizzApp.swift */; };
		5FE9134A2822A76E00C0CDE0 /* QuestionView.swift in Sources */ = {isa = PBXBuildFile; fileRef = 5FE913492822A76E00C0CDE0 /* QuestionView.swift */; };
		5FE9134C2822A77000C0CDE0 /* Assets.xcassets in Resources */ = {isa = PBXBuildFile; fileRef = 5FE9134B2822A77000C0CDE0 /* Assets.xcassets */; };
		5FE9134F2822A77000C0CDE0 /* Preview Assets.xcassets in Resources */ = {isa = PBXBuildFile; fileRef = 5FE9134E2822A77000C0CDE0 /* Preview Assets.xcassets */; };
		5FE913592822B96F00C0CDE0 /* Views.swift in Sources */ = {isa = PBXBuildFile; fileRef = 5FE913582822B96F00C0CDE0 /* Views.swift */; };
		5FFA8587282A886A008F47A5 /* String.swift in Sources */ = {isa = PBXBuildFile; fileRef = 5FFA8586282A886A008F47A5 /* String.swift */; };
/* End PBXBuildFile section */

/* Begin PBXFileReference section */
		185BB81128351FA900BB689A /* BooleanButton.swift */ = {isa = PBXFileReference; lastKnownFileType = sourcecode.swift; path = BooleanButton.swift; sourceTree = "<group>"; };
		185BB8132835202700BB689A /* wrong.json */ = {isa = PBXFileReference; fileEncoding = 4; lastKnownFileType = text.json; path = wrong.json; sourceTree = "<group>"; };
		185BB8142835202700BB689A /* correct.json */ = {isa = PBXFileReference; fileEncoding = 4; lastKnownFileType = text.json; path = correct.json; sourceTree = "<group>"; };
		18DF400D282A8402006B7254 /* MultipleChoiceButton.swift */ = {isa = PBXFileReference; lastKnownFileType = sourcecode.swift; path = MultipleChoiceButton.swift; sourceTree = "<group>"; };
		3DFD23ED28295C180074AB54 /* Manager.SaveSystem.swift */ = {isa = PBXFileReference; lastKnownFileType = sourcecode.swift; path = Manager.SaveSystem.swift; sourceTree = "<group>"; };
		5F3A2669282BDF2C00E857CC /* ProfileView.swift */ = {isa = PBXFileReference; lastKnownFileType = sourcecode.swift; path = ProfileView.swift; sourceTree = "<group>"; };
		5F3AC734282408030041CBBC /* Manager.swift */ = {isa = PBXFileReference; lastKnownFileType = sourcecode.swift; path = Manager.swift; sourceTree = "<group>"; };
		5F3AC736282408250041CBBC /* Manager.API.swift */ = {isa = PBXFileReference; lastKnownFileType = sourcecode.swift; path = Manager.API.swift; sourceTree = "<group>"; };
		5F9C58EC2833D0B100070A37 /* ConclusionView.swift */ = {isa = PBXFileReference; lastKnownFileType = sourcecode.swift; path = ConclusionView.swift; sourceTree = "<group>"; };
		5FDC436C2829371100A4F011 /* LaunchView.swift */ = {isa = PBXFileReference; lastKnownFileType = sourcecode.swift; path = LaunchView.swift; sourceTree = "<group>"; };
		5FDC436F282937FD00A4F011 /* wave.json */ = {isa = PBXFileReference; fileEncoding = 4; lastKnownFileType = text.json; path = wave.json; sourceTree = "<group>"; };
		5FDC437328294C6600A4F011 /* InitialView.swift */ = {isa = PBXFileReference; lastKnownFileType = sourcecode.swift; path = InitialView.swift; sourceTree = "<group>"; };
		5FE913442822A76E00C0CDE0 /* SwiftUIQuizz.app */ = {isa = PBXFileReference; explicitFileType = wrapper.application; includeInIndex = 0; path = SwiftUIQuizz.app; sourceTree = BUILT_PRODUCTS_DIR; };
		5FE913472822A76E00C0CDE0 /* SwiftUIQuizzApp.swift */ = {isa = PBXFileReference; lastKnownFileType = sourcecode.swift; path = SwiftUIQuizzApp.swift; sourceTree = "<group>"; };
		5FE913492822A76E00C0CDE0 /* QuestionView.swift */ = {isa = PBXFileReference; lastKnownFileType = sourcecode.swift; path = QuestionView.swift; sourceTree = "<group>"; };
		5FE9134B2822A77000C0CDE0 /* Assets.xcassets */ = {isa = PBXFileReference; lastKnownFileType = folder.assetcatalog; path = Assets.xcassets; sourceTree = "<group>"; };
		5FE9134E2822A77000C0CDE0 /* Preview Assets.xcassets */ = {isa = PBXFileReference; lastKnownFileType = folder.assetcatalog; path = "Preview Assets.xcassets"; sourceTree = "<group>"; };
		5FE913582822B96F00C0CDE0 /* Views.swift */ = {isa = PBXFileReference; lastKnownFileType = sourcecode.swift; path = Views.swift; sourceTree = "<group>"; };
		5FFA8586282A886A008F47A5 /* String.swift */ = {isa = PBXFileReference; lastKnownFileType = sourcecode.swift; path = String.swift; sourceTree = "<group>"; };
/* End PBXFileReference section */

/* Begin PBXFrameworksBuildPhase section */
		5FE913412822A76E00C0CDE0 /* Frameworks */ = {
			isa = PBXFrameworksBuildPhase;
			buildActionMask = 2147483647;
			files = (
				5FDC436B282936FF00A4F011 /* LottieSwiftUI in Frameworks */,
			);
			runOnlyForDeploymentPostprocessing = 0;
		};
/* End PBXFrameworksBuildPhase section */

/* Begin PBXGroup section */
		185BB80F28351F8800BB689A /* Buttons */ = {
			isa = PBXGroup;
			children = (
				18DF400D282A8402006B7254 /* MultipleChoiceButton.swift */,
				185BB81128351FA900BB689A /* BooleanButton.swift */,
			);
			path = Buttons;
			sourceTree = "<group>";
		};
		5F3AC733282407F40041CBBC /* Manager */ = {
			isa = PBXGroup;
			children = (
				5F3AC734282408030041CBBC /* Manager.swift */,
				5F3AC736282408250041CBBC /* Manager.API.swift */,
				3DFD23ED28295C180074AB54 /* Manager.SaveSystem.swift */,
			);
			path = Manager;
			sourceTree = "<group>";
		};
		5FDC436E2829378600A4F011 /* Lottie */ = {
			isa = PBXGroup;
			children = (
				185BB8142835202700BB689A /* correct.json */,
				5FDC436F282937FD00A4F011 /* wave.json */,
				185BB8132835202700BB689A /* wrong.json */,
			);
			path = Lottie;
			sourceTree = "<group>";
		};
		5FE9133B2822A76E00C0CDE0 = {
			isa = PBXGroup;
			children = (
				5FE913462822A76E00C0CDE0 /* SwiftUIQuizz */,
				5FE913452822A76E00C0CDE0 /* Products */,
			);
			sourceTree = "<group>";
		};
		5FE913452822A76E00C0CDE0 /* Products */ = {
			isa = PBXGroup;
			children = (
				5FE913442822A76E00C0CDE0 /* SwiftUIQuizz.app */,
			);
			name = Products;
			sourceTree = "<group>";
		};
		5FE913462822A76E00C0CDE0 /* SwiftUIQuizz */ = {
			isa = PBXGroup;
			children = (
				5FFA8585282A8803008F47A5 /* Extension */,
				230993A42833CA9600D6B5E1 /* Info.plist */,
				5FDC436E2829378600A4F011 /* Lottie */,
				5F3AC733282407F40041CBBC /* Manager */,
				5FE913562822B91E00C0CDE0 /* Views */,
				5FE913472822A76E00C0CDE0 /* SwiftUIQuizzApp.swift */,
				5FE9134B2822A77000C0CDE0 /* Assets.xcassets */,
				5FE9134D2822A77000C0CDE0 /* Preview Content */,
			);
			path = SwiftUIQuizz;
			sourceTree = "<group>";
		};
		5FE9134D2822A77000C0CDE0 /* Preview Content */ = {
			isa = PBXGroup;
			children = (
				5FE9134E2822A77000C0CDE0 /* Preview Assets.xcassets */,
			);
			path = "Preview Content";
			sourceTree = "<group>";
		};
		5FE913562822B91E00C0CDE0 /* Views */ = {
			isa = PBXGroup;
			children = (
				185BB80F28351F8800BB689A /* Buttons */,
				5FE913492822A76E00C0CDE0 /* QuestionView.swift */,
				5FE913582822B96F00C0CDE0 /* Views.swift */,
				5FDC436C2829371100A4F011 /* LaunchView.swift */,
				5FDC437328294C6600A4F011 /* InitialView.swift */,
				5F3A2669282BDF2C00E857CC /* ProfileView.swift */,
				5F9C58EC2833D0B100070A37 /* ConclusionView.swift */,
			);
			path = Views;
			sourceTree = "<group>";
		};
		5FFA8585282A8803008F47A5 /* Extension */ = {
			isa = PBXGroup;
			children = (
				5FFA8586282A886A008F47A5 /* String.swift */,
			);
			path = Extension;
			sourceTree = "<group>";
		};
/* End PBXGroup section */

/* Begin PBXNativeTarget section */
		5FE913432822A76E00C0CDE0 /* SwiftUIQuizz */ = {
			isa = PBXNativeTarget;
			buildConfigurationList = 5FE913522822A77000C0CDE0 /* Build configuration list for PBXNativeTarget "SwiftUIQuizz" */;
			buildPhases = (
				5FE913402822A76E00C0CDE0 /* Sources */,
				5FE913412822A76E00C0CDE0 /* Frameworks */,
				5FE913422822A76E00C0CDE0 /* Resources */,
				5FE913552822AEFE00C0CDE0 /* ShellScript */,
			);
			buildRules = (
			);
			dependencies = (
			);
			name = SwiftUIQuizz;
			packageProductDependencies = (
				5FDC436A282936FF00A4F011 /* LottieSwiftUI */,
			);
			productName = SwiftUIQuizz;
			productReference = 5FE913442822A76E00C0CDE0 /* SwiftUIQuizz.app */;
			productType = "com.apple.product-type.application";
		};
/* End PBXNativeTarget section */

/* Begin PBXProject section */
		5FE9133C2822A76E00C0CDE0 /* Project object */ = {
			isa = PBXProject;
			attributes = {
				BuildIndependentTargetsInParallel = 1;
				LastSwiftUpdateCheck = 1330;
				LastUpgradeCheck = 1330;
				TargetAttributes = {
					5FE913432822A76E00C0CDE0 = {
						CreatedOnToolsVersion = 13.3;
					};
				};
			};
			buildConfigurationList = 5FE9133F2822A76E00C0CDE0 /* Build configuration list for PBXProject "SwiftUIQuizz" */;
			compatibilityVersion = "Xcode 13.0";
			developmentRegion = en;
			hasScannedForEncodings = 0;
			knownRegions = (
				en,
				Base,
			);
			mainGroup = 5FE9133B2822A76E00C0CDE0;
			packageReferences = (
				5FDC4369282936FF00A4F011 /* XCRemoteSwiftPackageReference "Lottie-SwiftUI" */,
			);
			productRefGroup = 5FE913452822A76E00C0CDE0 /* Products */;
			projectDirPath = "";
			projectRoot = "";
			targets = (
				5FE913432822A76E00C0CDE0 /* SwiftUIQuizz */,
			);
		};
/* End PBXProject section */

/* Begin PBXResourcesBuildPhase section */
		5FE913422822A76E00C0CDE0 /* Resources */ = {
			isa = PBXResourcesBuildPhase;
			buildActionMask = 2147483647;
			files = (
				5FE9134F2822A77000C0CDE0 /* Preview Assets.xcassets in Resources */,
				5FE9134C2822A77000C0CDE0 /* Assets.xcassets in Resources */,
				185BB8162835202700BB689A /* correct.json in Resources */,
				5FDC4370282937FD00A4F011 /* wave.json in Resources */,
				185BB8152835202700BB689A /* wrong.json in Resources */,
			);
			runOnlyForDeploymentPostprocessing = 0;
		};
/* End PBXResourcesBuildPhase section */

/* Begin PBXShellScriptBuildPhase section */
		5FE913552822AEFE00C0CDE0 /* ShellScript */ = {
			isa = PBXShellScriptBuildPhase;
			buildActionMask = 2147483647;
			files = (
			);
			inputFileListPaths = (
			);
			inputPaths = (
			);
			outputFileListPaths = (
			);
			outputPaths = (
			);
			runOnlyForDeploymentPostprocessing = 0;
			shellPath = /bin/sh;
			shellScript = "export PATH=\"$PATH:/opt/homebrew/bin\"\nif which swiftlint > /dev/null; then\n  swiftlint\nelse\n  echo \"warning: SwiftLint not installed, download from https://github.com/realm/SwiftLint\"\nfi\n";
		};
/* End PBXShellScriptBuildPhase section */

/* Begin PBXSourcesBuildPhase section */
		5FE913402822A76E00C0CDE0 /* Sources */ = {
			isa = PBXSourcesBuildPhase;
			buildActionMask = 2147483647;
			files = (
				5F3AC737282408250041CBBC /* Manager.API.swift in Sources */,
				5FDC436D2829371100A4F011 /* LaunchView.swift in Sources */,
				5FE9134A2822A76E00C0CDE0 /* QuestionView.swift in Sources */,
				3DFD23EE28295C180074AB54 /* Manager.SaveSystem.swift in Sources */,
				185BB81228351FA900BB689A /* BooleanButton.swift in Sources */,
				5FE913482822A76E00C0CDE0 /* SwiftUIQuizzApp.swift in Sources */,
				5FE913592822B96F00C0CDE0 /* Views.swift in Sources */,
				5FDC437428294C6600A4F011 /* InitialView.swift in Sources */,
				5FFA8587282A886A008F47A5 /* String.swift in Sources */,
				5F3AC735282408030041CBBC /* Manager.swift in Sources */,
				5F3A266A282BDF2C00E857CC /* ProfileView.swift in Sources */,
				18DF400E282A8402006B7254 /* MultipleChoiceButton.swift in Sources */,
				5F9C58ED2833D0B100070A37 /* ConclusionView.swift in Sources */,
			);
			runOnlyForDeploymentPostprocessing = 0;
		};
/* End PBXSourcesBuildPhase section */

/* Begin XCBuildConfiguration section */
		5FE913502822A77000C0CDE0 /* Debug */ = {
			isa = XCBuildConfiguration;
			buildSettings = {
				ALWAYS_SEARCH_USER_PATHS = NO;
				CLANG_ANALYZER_NONNULL = YES;
				CLANG_ANALYZER_NUMBER_OBJECT_CONVERSION = YES_AGGRESSIVE;
				CLANG_CXX_LANGUAGE_STANDARD = "gnu++17";
				CLANG_ENABLE_MODULES = YES;
				CLANG_ENABLE_OBJC_ARC = YES;
				CLANG_ENABLE_OBJC_WEAK = YES;
				CLANG_WARN_BLOCK_CAPTURE_AUTORELEASING = YES;
				CLANG_WARN_BOOL_CONVERSION = YES;
				CLANG_WARN_COMMA = YES;
				CLANG_WARN_CONSTANT_CONVERSION = YES;
				CLANG_WARN_DEPRECATED_OBJC_IMPLEMENTATIONS = YES;
				CLANG_WARN_DIRECT_OBJC_ISA_USAGE = YES_ERROR;
				CLANG_WARN_DOCUMENTATION_COMMENTS = YES;
				CLANG_WARN_EMPTY_BODY = YES;
				CLANG_WARN_ENUM_CONVERSION = YES;
				CLANG_WARN_INFINITE_RECURSION = YES;
				CLANG_WARN_INT_CONVERSION = YES;
				CLANG_WARN_NON_LITERAL_NULL_CONVERSION = YES;
				CLANG_WARN_OBJC_IMPLICIT_RETAIN_SELF = YES;
				CLANG_WARN_OBJC_LITERAL_CONVERSION = YES;
				CLANG_WARN_OBJC_ROOT_CLASS = YES_ERROR;
				CLANG_WARN_QUOTED_INCLUDE_IN_FRAMEWORK_HEADER = YES;
				CLANG_WARN_RANGE_LOOP_ANALYSIS = YES;
				CLANG_WARN_STRICT_PROTOTYPES = YES;
				CLANG_WARN_SUSPICIOUS_MOVE = YES;
				CLANG_WARN_UNGUARDED_AVAILABILITY = YES_AGGRESSIVE;
				CLANG_WARN_UNREACHABLE_CODE = YES;
				CLANG_WARN__DUPLICATE_METHOD_MATCH = YES;
				COPY_PHASE_STRIP = NO;
				DEBUG_INFORMATION_FORMAT = dwarf;
				ENABLE_STRICT_OBJC_MSGSEND = YES;
				ENABLE_TESTABILITY = YES;
				GCC_C_LANGUAGE_STANDARD = gnu11;
				GCC_DYNAMIC_NO_PIC = NO;
				GCC_NO_COMMON_BLOCKS = YES;
				GCC_OPTIMIZATION_LEVEL = 0;
				GCC_PREPROCESSOR_DEFINITIONS = (
					"DEBUG=1",
					"$(inherited)",
				);
				GCC_WARN_64_TO_32_BIT_CONVERSION = YES;
				GCC_WARN_ABOUT_RETURN_TYPE = YES_ERROR;
				GCC_WARN_UNDECLARED_SELECTOR = YES;
				GCC_WARN_UNINITIALIZED_AUTOS = YES_AGGRESSIVE;
				GCC_WARN_UNUSED_FUNCTION = YES;
				GCC_WARN_UNUSED_VARIABLE = YES;
				IPHONEOS_DEPLOYMENT_TARGET = 15.4;
				MTL_ENABLE_DEBUG_INFO = INCLUDE_SOURCE;
				MTL_FAST_MATH = YES;
				ONLY_ACTIVE_ARCH = YES;
				SDKROOT = iphoneos;
				SWIFT_ACTIVE_COMPILATION_CONDITIONS = DEBUG;
				SWIFT_OPTIMIZATION_LEVEL = "-Onone";
			};
			name = Debug;
		};
		5FE913512822A77000C0CDE0 /* Release */ = {
			isa = XCBuildConfiguration;
			buildSettings = {
				ALWAYS_SEARCH_USER_PATHS = NO;
				CLANG_ANALYZER_NONNULL = YES;
				CLANG_ANALYZER_NUMBER_OBJECT_CONVERSION = YES_AGGRESSIVE;
				CLANG_CXX_LANGUAGE_STANDARD = "gnu++17";
				CLANG_ENABLE_MODULES = YES;
				CLANG_ENABLE_OBJC_ARC = YES;
				CLANG_ENABLE_OBJC_WEAK = YES;
				CLANG_WARN_BLOCK_CAPTURE_AUTORELEASING = YES;
				CLANG_WARN_BOOL_CONVERSION = YES;
				CLANG_WARN_COMMA = YES;
				CLANG_WARN_CONSTANT_CONVERSION = YES;
				CLANG_WARN_DEPRECATED_OBJC_IMPLEMENTATIONS = YES;
				CLANG_WARN_DIRECT_OBJC_ISA_USAGE = YES_ERROR;
				CLANG_WARN_DOCUMENTATION_COMMENTS = YES;
				CLANG_WARN_EMPTY_BODY = YES;
				CLANG_WARN_ENUM_CONVERSION = YES;
				CLANG_WARN_INFINITE_RECURSION = YES;
				CLANG_WARN_INT_CONVERSION = YES;
				CLANG_WARN_NON_LITERAL_NULL_CONVERSION = YES;
				CLANG_WARN_OBJC_IMPLICIT_RETAIN_SELF = YES;
				CLANG_WARN_OBJC_LITERAL_CONVERSION = YES;
				CLANG_WARN_OBJC_ROOT_CLASS = YES_ERROR;
				CLANG_WARN_QUOTED_INCLUDE_IN_FRAMEWORK_HEADER = YES;
				CLANG_WARN_RANGE_LOOP_ANALYSIS = YES;
				CLANG_WARN_STRICT_PROTOTYPES = YES;
				CLANG_WARN_SUSPICIOUS_MOVE = YES;
				CLANG_WARN_UNGUARDED_AVAILABILITY = YES_AGGRESSIVE;
				CLANG_WARN_UNREACHABLE_CODE = YES;
				CLANG_WARN__DUPLICATE_METHOD_MATCH = YES;
				COPY_PHASE_STRIP = NO;
				DEBUG_INFORMATION_FORMAT = "dwarf-with-dsym";
				ENABLE_NS_ASSERTIONS = NO;
				ENABLE_STRICT_OBJC_MSGSEND = YES;
				GCC_C_LANGUAGE_STANDARD = gnu11;
				GCC_NO_COMMON_BLOCKS = YES;
				GCC_WARN_64_TO_32_BIT_CONVERSION = YES;
				GCC_WARN_ABOUT_RETURN_TYPE = YES_ERROR;
				GCC_WARN_UNDECLARED_SELECTOR = YES;
				GCC_WARN_UNINITIALIZED_AUTOS = YES_AGGRESSIVE;
				GCC_WARN_UNUSED_FUNCTION = YES;
				GCC_WARN_UNUSED_VARIABLE = YES;
				IPHONEOS_DEPLOYMENT_TARGET = 15.4;
				MTL_ENABLE_DEBUG_INFO = NO;
				MTL_FAST_MATH = YES;
				SDKROOT = iphoneos;
				SWIFT_COMPILATION_MODE = wholemodule;
				SWIFT_OPTIMIZATION_LEVEL = "-O";
				VALIDATE_PRODUCT = YES;
			};
			name = Release;
		};
		5FE913532822A77000C0CDE0 /* Debug */ = {
			isa = XCBuildConfiguration;
			buildSettings = {
				ASSETCATALOG_COMPILER_APPICON_NAME = AppIcon;
				ASSETCATALOG_COMPILER_GLOBAL_ACCENT_COLOR_NAME = AccentColor;
				CODE_SIGN_STYLE = Manual;
				ASSETCATALOG_COMPILER_INCLUDE_ALL_APPICON_ASSETS = YES;
				CODE_SIGN_STYLE = Automatic;
				CURRENT_PROJECT_VERSION = 1;
				DEVELOPMENT_ASSET_PATHS = "\"SwiftUIQuizz/Preview Content\"";
				DEVELOPMENT_TEAM = "";
				ENABLE_PREVIEWS = YES;
				GENERATE_INFOPLIST_FILE = YES;
				INFOPLIST_FILE = SwiftUIQuizz/Info.plist;
				INFOPLIST_KEY_UIApplicationSceneManifest_Generation = YES;
				INFOPLIST_KEY_UIApplicationSupportsIndirectInputEvents = YES;
				INFOPLIST_KEY_UILaunchScreen_Generation = YES;
				INFOPLIST_KEY_UISupportedInterfaceOrientations_iPad = "UIInterfaceOrientationPortrait UIInterfaceOrientationPortraitUpsideDown UIInterfaceOrientationLandscapeLeft UIInterfaceOrientationLandscapeRight";
				INFOPLIST_KEY_UISupportedInterfaceOrientations_iPhone = "UIInterfaceOrientationPortrait UIInterfaceOrientationLandscapeLeft UIInterfaceOrientationLandscapeRight";
				LD_RUNPATH_SEARCH_PATHS = (
					"$(inherited)",
					"@executable_path/Frameworks",
				);
				MARKETING_VERSION = 1.0;
				PRODUCT_BUNDLE_IDENTIFIER = Quizzers.SwiftUIQuizz;
				PRODUCT_NAME = "$(TARGET_NAME)";
				PROVISIONING_PROFILE_SPECIFIER = "";
				SWIFT_EMIT_LOC_STRINGS = YES;
				SWIFT_VERSION = 5.0;
				TARGETED_DEVICE_FAMILY = 1;
			};
			name = Debug;
		};
		5FE913542822A77000C0CDE0 /* Release */ = {
			isa = XCBuildConfiguration;
			buildSettings = {
				ASSETCATALOG_COMPILER_APPICON_NAME = AppIcon;
				ASSETCATALOG_COMPILER_GLOBAL_ACCENT_COLOR_NAME = AccentColor;
				CODE_SIGN_STYLE = Manual;
				ASSETCATALOG_COMPILER_INCLUDE_ALL_APPICON_ASSETS = YES;
				CODE_SIGN_STYLE = Automatic;
				CURRENT_PROJECT_VERSION = 1;
				DEVELOPMENT_ASSET_PATHS = "\"SwiftUIQuizz/Preview Content\"";
				DEVELOPMENT_TEAM = "";
				ENABLE_PREVIEWS = YES;
				GENERATE_INFOPLIST_FILE = YES;
				INFOPLIST_FILE = SwiftUIQuizz/Info.plist;
				INFOPLIST_KEY_UIApplicationSceneManifest_Generation = YES;
				INFOPLIST_KEY_UIApplicationSupportsIndirectInputEvents = YES;
				INFOPLIST_KEY_UILaunchScreen_Generation = YES;
				INFOPLIST_KEY_UISupportedInterfaceOrientations_iPad = "UIInterfaceOrientationPortrait UIInterfaceOrientationPortraitUpsideDown UIInterfaceOrientationLandscapeLeft UIInterfaceOrientationLandscapeRight";
				INFOPLIST_KEY_UISupportedInterfaceOrientations_iPhone = "UIInterfaceOrientationPortrait UIInterfaceOrientationLandscapeLeft UIInterfaceOrientationLandscapeRight";
				LD_RUNPATH_SEARCH_PATHS = (
					"$(inherited)",
					"@executable_path/Frameworks",
				);
				MARKETING_VERSION = 1.0;
				PRODUCT_BUNDLE_IDENTIFIER = Quizzers.SwiftUIQuizz;
				PRODUCT_NAME = "$(TARGET_NAME)";
				PROVISIONING_PROFILE_SPECIFIER = "";
				SWIFT_EMIT_LOC_STRINGS = YES;
				SWIFT_VERSION = 5.0;
				TARGETED_DEVICE_FAMILY = 1;
			};
			name = Release;
		};
/* End XCBuildConfiguration section */

/* Begin XCConfigurationList section */
		5FE9133F2822A76E00C0CDE0 /* Build configuration list for PBXProject "SwiftUIQuizz" */ = {
			isa = XCConfigurationList;
			buildConfigurations = (
				5FE913502822A77000C0CDE0 /* Debug */,
				5FE913512822A77000C0CDE0 /* Release */,
			);
			defaultConfigurationIsVisible = 0;
			defaultConfigurationName = Release;
		};
		5FE913522822A77000C0CDE0 /* Build configuration list for PBXNativeTarget "SwiftUIQuizz" */ = {
			isa = XCConfigurationList;
			buildConfigurations = (
				5FE913532822A77000C0CDE0 /* Debug */,
				5FE913542822A77000C0CDE0 /* Release */,
			);
			defaultConfigurationIsVisible = 0;
			defaultConfigurationName = Release;
		};
/* End XCConfigurationList section */

/* Begin XCRemoteSwiftPackageReference section */
		5FDC4369282936FF00A4F011 /* XCRemoteSwiftPackageReference "Lottie-SwiftUI" */ = {
			isa = XCRemoteSwiftPackageReference;
			repositoryURL = "https://github.com/LukasHromadnik/Lottie-SwiftUI";
			requirement = {
				kind = upToNextMajorVersion;
				minimumVersion = 1.0.0;
			};
		};
/* End XCRemoteSwiftPackageReference section */

/* Begin XCSwiftPackageProductDependency section */
		5FDC436A282936FF00A4F011 /* LottieSwiftUI */ = {
			isa = XCSwiftPackageProductDependency;
			package = 5FDC4369282936FF00A4F011 /* XCRemoteSwiftPackageReference "Lottie-SwiftUI" */;
			productName = LottieSwiftUI;
		};
/* End XCSwiftPackageProductDependency section */
	};
	rootObject = 5FE9133C2822A76E00C0CDE0 /* Project object */;
}
